// !$*UTF8*$!
{
	archiveVersion = 1;
	classes = {
	};
	objectVersion = 46;
	objects = {

/* Begin PBXBuildFile section */
		00E356F31AD99517003FC87E /* AppClaarTemplTests.m in Sources */ = {isa = PBXBuildFile; fileRef = 00E356F21AD99517003FC87E /* AppClaarTemplTests.m */; };
		09898A58093D49BEBB7EBE61 /* HKGrotesk-Black.otf in Resources */ = {isa = PBXBuildFile; fileRef = 132A5EB5F7154406B1374266 /* HKGrotesk-Black.otf */; };
		128B9669D1114899BD4F89E2 /* HKGrotesk-Medium.otf in Resources */ = {isa = PBXBuildFile; fileRef = 3EC58D2B3A07479292AF58EB /* HKGrotesk-Medium.otf */; };
		130220512587062200B42F48 /* HealthKit.framework in Frameworks */ = {isa = PBXBuildFile; fileRef = 130220502587062200B42F48 /* HealthKit.framework */; };
		1379AD43DC9C4420B41E4200 /* HKGrotesk-Light.otf in Resources */ = {isa = PBXBuildFile; fileRef = 08BB8900DF0047CC88E3BDBF /* HKGrotesk-Light.otf */; };
		13B07FBC1A68108700A75B9A /* AppDelegate.m in Sources */ = {isa = PBXBuildFile; fileRef = 13B07FB01A68108700A75B9A /* AppDelegate.m */; };
		13B07FBF1A68108700A75B9A /* Images.xcassets in Resources */ = {isa = PBXBuildFile; fileRef = 13B07FB51A68108700A75B9A /* Images.xcassets */; };
		13B07FC11A68108700A75B9A /* main.m in Sources */ = {isa = PBXBuildFile; fileRef = 13B07FB71A68108700A75B9A /* main.m */; };
		1C52F22A2E84A5ED69EE2BF1 /* libPods-klaarshop.a in Frameworks */ = {isa = PBXBuildFile; fileRef = A4DFC004F540937D7F5CB493 /* libPods-klaarshop.a */; };
		1F8AA4D524E6D3CC001F4870 /* GoogleService-Info.plist in Resources */ = {isa = PBXBuildFile; fileRef = 1F8AA4D424E6D3CC001F4870 /* GoogleService-Info.plist */; };
		1F8AA4D624E6D3CC001F4870 /* GoogleService-Info.plist in Resources */ = {isa = PBXBuildFile; fileRef = 1F8AA4D424E6D3CC001F4870 /* GoogleService-Info.plist */; };
		222D46C8C4A64184BBF38555 /* HKGrotesk-LegacyItalic.otf in Resources */ = {isa = PBXBuildFile; fileRef = 2032B5369F9B4567BCDF865E /* HKGrotesk-LegacyItalic.otf */; };
		27A0FB3F31224F98BDC2CF95 /* HKGrotesk-Bold.otf in Resources */ = {isa = PBXBuildFile; fileRef = 57386BA923B24CCBB30B0995 /* HKGrotesk-Bold.otf */; };
		2D02E4BC1E0B4A80006451C7 /* AppDelegate.m in Sources */ = {isa = PBXBuildFile; fileRef = 13B07FB01A68108700A75B9A /* AppDelegate.m */; };
		2D02E4BD1E0B4A84006451C7 /* Images.xcassets in Resources */ = {isa = PBXBuildFile; fileRef = 13B07FB51A68108700A75B9A /* Images.xcassets */; };
		2D02E4BF1E0B4AB3006451C7 /* main.m in Sources */ = {isa = PBXBuildFile; fileRef = 13B07FB71A68108700A75B9A /* main.m */; };
		2DCD954D1E0B4F2C00145EB5 /* AppClaarTemplTests.m in Sources */ = {isa = PBXBuildFile; fileRef = 00E356F21AD99517003FC87E /* AppClaarTemplTests.m */; };
		3049F24C238E4A388791181F /* Albra Light.otf in Resources */ = {isa = PBXBuildFile; fileRef = 211D50DBCCA349F69CCF2ECC /* Albra Light.otf */; };
		31824B17D66A401CA07E8F01 /* HKGrotesk-BoldItalic.otf in Resources */ = {isa = PBXBuildFile; fileRef = 52ACBEBBEBBE4F138305F3F6 /* HKGrotesk-BoldItalic.otf */; };
		3E855EE40AD4427FA858F575 /* HKGrotesk-SemiBoldItalic.otf in Resources */ = {isa = PBXBuildFile; fileRef = 15F346DD64B342DEB26F400F /* HKGrotesk-SemiBoldItalic.otf */; };
		43ED9E3768C246D38CEE78A4 /* HKGrotesk-BoldLegacy.otf in Resources */ = {isa = PBXBuildFile; fileRef = 2AD92932E0AC4BA299ED3CDF /* HKGrotesk-BoldLegacy.otf */; };
		47700B2375AD4C4EBCDBB704 /* HKGrotesk-LightLegacyItalic.otf in Resources */ = {isa = PBXBuildFile; fileRef = 795CE934655B4BD18E747112 /* HKGrotesk-LightLegacyItalic.otf */; };
		64F48001B315430F9D664962 /* Albra Text Light.otf in Resources */ = {isa = PBXBuildFile; fileRef = 94DFE2A49B9A47B68EBC24C0 /* Albra Text Light.otf */; };
		73D1415D01C24CF88F05C1A2 /* Albra Semi.otf in Resources */ = {isa = PBXBuildFile; fileRef = CE871086B7C849E19753317E /* Albra Semi.otf */; };
		74F8AB2A50124456B7CCE640 /* HKGrotesk-Italic.otf in Resources */ = {isa = PBXBuildFile; fileRef = 67A00E8DCD5740EA84BAFA8E /* HKGrotesk-Italic.otf */; };
		751F9A8E6F704802BB1146D2 /* HKGrotesk-Regular.otf in Resources */ = {isa = PBXBuildFile; fileRef = 45A7F957B98C4C84A10EE658 /* HKGrotesk-Regular.otf */; };
		7841186FF6C9428C9D92EA52 /* HKGrotesk-SemiBoldLegacyItalic.otf in Resources */ = {isa = PBXBuildFile; fileRef = AAD5A477CDD043038CFF7E99 /* HKGrotesk-SemiBoldLegacyItalic.otf */; };
		81AB9BB82411601600AC10FF /* LaunchScreen.storyboard in Resources */ = {isa = PBXBuildFile; fileRef = 81AB9BB72411601600AC10FF /* LaunchScreen.storyboard */; };
		90365BC823914E578986360D /* Albra Text Medium.otf in Resources */ = {isa = PBXBuildFile; fileRef = 8962F32FA2F34E6781985C8B /* Albra Text Medium.otf */; };
		96A2BC198DDF4D98BD1B0A82 /* Albra Text Bold.otf in Resources */ = {isa = PBXBuildFile; fileRef = 44233E714A3442A08D51621E /* Albra Text Bold.otf */; };
		9BA37BE0EBD54397A95608D0 /* HKGrotesk-BoldLegacyItalic.otf in Resources */ = {isa = PBXBuildFile; fileRef = 536F2C28A6C24C7291D85937 /* HKGrotesk-BoldLegacyItalic.otf */; };
		9C98E43E65E1484EA7012898 /* Albra Text Regular.otf in Resources */ = {isa = PBXBuildFile; fileRef = A8A68024B3AB4D378420ECEB /* Albra Text Regular.otf */; };
		9EE5CF988E964636B3C75565 /* Albra Black.otf in Resources */ = {isa = PBXBuildFile; fileRef = F7A1E15075E14601AC6226F4 /* Albra Black.otf */; };
		A268B3DA722E411299FB9537 /* HKGrotesk-LightItalic.otf in Resources */ = {isa = PBXBuildFile; fileRef = D8B6942E14984A9A880DE3E9 /* HKGrotesk-LightItalic.otf */; };
		A58482D99CA48A07BD472134 /* libPods-klaarshop-klaarshopTests.a in Frameworks */ = {isa = PBXBuildFile; fileRef = 059348DAE5AC47ED89F69BA4 /* libPods-klaarshop-klaarshopTests.a */; };
		A6357AB7A8D745FEB742E5D4 /* HKGrotesk-RegularLegacy.otf in Resources */ = {isa = PBXBuildFile; fileRef = B9E4D6A1027443BBA83F99AB /* HKGrotesk-RegularLegacy.otf */; };
		AA513BC60A2E4C879E1C3BC0 /* HKGrotesk-ExtraBold.otf in Resources */ = {isa = PBXBuildFile; fileRef = ED0D4C0C708F468AA90F3731 /* HKGrotesk-ExtraBold.otf */; };
		B2A6E26EFBFF46F494C77486 /* Albra Regular.otf in Resources */ = {isa = PBXBuildFile; fileRef = C4C71BF7053746C587F08FFF /* Albra Regular.otf */; };
		BB4F9D1BBF984EA8BE9E382F /* Albra Bold.otf in Resources */ = {isa = PBXBuildFile; fileRef = 556390C229C04D6F8669C55E /* Albra Bold.otf */; };
		C35B26883A394365A233C1CD /* HKGrotesk-SemiBoldLegacy.otf in Resources */ = {isa = PBXBuildFile; fileRef = 96ABFB4C153A44F3B5A938C1 /* HKGrotesk-SemiBoldLegacy.otf */; };
		C5D71E4EBA7B4032885DD802 /* HKGrotesk-SemiBold.otf in Resources */ = {isa = PBXBuildFile; fileRef = 98E646F36B784398B8B6160A /* HKGrotesk-SemiBold.otf */; };
		C9126DF6ED1F4F93AC0E0164 /* HKGrotesk-LightLegacy.otf in Resources */ = {isa = PBXBuildFile; fileRef = 42A0390C5654427D960E60E3 /* HKGrotesk-LightLegacy.otf */; };
		D16D6843AE8A47438EB6D341 /* Albra Text Black.otf in Resources */ = {isa = PBXBuildFile; fileRef = 7B636845D3054803B30CCFBD /* Albra Text Black.otf */; };
		D40D539434054299A7EBDD45 /* HKGrotesk-MediumLegacyItalic.otf in Resources */ = {isa = PBXBuildFile; fileRef = B87769CD5F404698AAD8E3ED /* HKGrotesk-MediumLegacyItalic.otf */; };
		D811B5B3B4FB43C8A599AF5A /* HKGrotesk-MediumItalic.otf in Resources */ = {isa = PBXBuildFile; fileRef = 3A21F8A557F64DA39EB18539 /* HKGrotesk-MediumItalic.otf */; };
		DF7DCF3BA76B4D39B681D3D9 /* Albra Text Semi.otf in Resources */ = {isa = PBXBuildFile; fileRef = E9D04D1CB029431388F83C56 /* Albra Text Semi.otf */; };
		EDC0E7431C5045A6BD1F6B8D /* HKGrotesk-MediumLegacy.otf in Resources */ = {isa = PBXBuildFile; fileRef = 374725D1F7654F548BF0E22F /* HKGrotesk-MediumLegacy.otf */; };
		EFD15858E16D43B1A8DB35AF /* Albra Medium.otf in Resources */ = {isa = PBXBuildFile; fileRef = 36E5DF83C8414D2A820FAB82 /* Albra Medium.otf */; };
/* End PBXBuildFile section */

/* Begin PBXContainerItemProxy section */
		00E356F41AD99517003FC87E /* PBXContainerItemProxy */ = {
			isa = PBXContainerItemProxy;
			containerPortal = 83CBB9F71A601CBA00E9B192 /* Project object */;
			proxyType = 1;
			remoteGlobalIDString = 13B07F861A680F5B00A75B9A;
			remoteInfo = AppClaarTempl;
		};
		2D02E4911E0B4A5D006451C7 /* PBXContainerItemProxy */ = {
			isa = PBXContainerItemProxy;
			containerPortal = 83CBB9F71A601CBA00E9B192 /* Project object */;
			proxyType = 1;
			remoteGlobalIDString = 2D02E47A1E0B4A5D006451C7;
			remoteInfo = "AppClaarTempl-tvOS";
		};
/* End PBXContainerItemProxy section */

/* Begin PBXFileReference section */
		008F07F21AC5B25A0029DE68 /* main.jsbundle */ = {isa = PBXFileReference; fileEncoding = 4; lastKnownFileType = text; path = main.jsbundle; sourceTree = "<group>"; };
		00E356EE1AD99517003FC87E /* klaarshopTests.xctest */ = {isa = PBXFileReference; explicitFileType = wrapper.cfbundle; includeInIndex = 0; path = klaarshopTests.xctest; sourceTree = BUILT_PRODUCTS_DIR; };
		00E356F11AD99517003FC87E /* Info.plist */ = {isa = PBXFileReference; lastKnownFileType = text.plist.xml; path = Info.plist; sourceTree = "<group>"; };
		00E356F21AD99517003FC87E /* AppClaarTemplTests.m */ = {isa = PBXFileReference; lastKnownFileType = sourcecode.c.objc; path = AppClaarTemplTests.m; sourceTree = "<group>"; };
		059348DAE5AC47ED89F69BA4 /* libPods-klaarshop-klaarshopTests.a */ = {isa = PBXFileReference; explicitFileType = archive.ar; includeInIndex = 0; path = "libPods-klaarshop-klaarshopTests.a"; sourceTree = BUILT_PRODUCTS_DIR; };
		08BB8900DF0047CC88E3BDBF /* HKGrotesk-Light.otf */ = {isa = PBXFileReference; explicitFileType = undefined; fileEncoding = 9; includeInIndex = 0; lastKnownFileType = unknown; name = "HKGrotesk-Light.otf"; path = "../fonts/HKGrotesk-Light.otf"; sourceTree = "<group>"; };
		1302204F2587062200B42F48 /* Workout By Katya.entitlements */ = {isa = PBXFileReference; lastKnownFileType = text.plist.entitlements; name = "Workout By Katya.entitlements"; path = "AppClaarTempl/Workout By Katya.entitlements"; sourceTree = "<group>"; };
		130220502587062200B42F48 /* HealthKit.framework */ = {isa = PBXFileReference; lastKnownFileType = wrapper.framework; name = HealthKit.framework; path = System/Library/Frameworks/HealthKit.framework; sourceTree = SDKROOT; };
		132A5EB5F7154406B1374266 /* HKGrotesk-Black.otf */ = {isa = PBXFileReference; explicitFileType = undefined; fileEncoding = 9; includeInIndex = 0; lastKnownFileType = unknown; name = "HKGrotesk-Black.otf"; path = "../fonts/HKGrotesk-Black.otf"; sourceTree = "<group>"; };
		13B07F961A680F5B00A75B9A /* klaarshop.app */ = {isa = PBXFileReference; explicitFileType = wrapper.application; includeInIndex = 0; path = klaarshop.app; sourceTree = BUILT_PRODUCTS_DIR; };
		13B07FAF1A68108700A75B9A /* AppDelegate.h */ = {isa = PBXFileReference; fileEncoding = 4; lastKnownFileType = sourcecode.c.h; name = AppDelegate.h; path = AppClaarTempl/AppDelegate.h; sourceTree = "<group>"; };
		13B07FB01A68108700A75B9A /* AppDelegate.m */ = {isa = PBXFileReference; fileEncoding = 4; lastKnownFileType = sourcecode.c.objc; name = AppDelegate.m; path = AppClaarTempl/AppDelegate.m; sourceTree = "<group>"; };
		13B07FB51A68108700A75B9A /* Images.xcassets */ = {isa = PBXFileReference; lastKnownFileType = folder.assetcatalog; name = Images.xcassets; path = AppClaarTempl/Images.xcassets; sourceTree = "<group>"; };
		13B07FB61A68108700A75B9A /* Info.plist */ = {isa = PBXFileReference; fileEncoding = 4; lastKnownFileType = text.plist.xml; name = Info.plist; path = AppClaarTempl/Info.plist; sourceTree = "<group>"; };
		13B07FB71A68108700A75B9A /* main.m */ = {isa = PBXFileReference; fileEncoding = 4; lastKnownFileType = sourcecode.c.objc; name = main.m; path = AppClaarTempl/main.m; sourceTree = "<group>"; };
		15F346DD64B342DEB26F400F /* HKGrotesk-SemiBoldItalic.otf */ = {isa = PBXFileReference; explicitFileType = undefined; fileEncoding = 9; includeInIndex = 0; lastKnownFileType = unknown; name = "HKGrotesk-SemiBoldItalic.otf"; path = "../fonts/HKGrotesk-SemiBoldItalic.otf"; sourceTree = "<group>"; };
		1F8AA4D424E6D3CC001F4870 /* GoogleService-Info.plist */ = {isa = PBXFileReference; fileEncoding = 4; lastKnownFileType = text.plist.xml; path = "GoogleService-Info.plist"; sourceTree = "<group>"; };
		2032B5369F9B4567BCDF865E /* HKGrotesk-LegacyItalic.otf */ = {isa = PBXFileReference; explicitFileType = undefined; fileEncoding = 9; includeInIndex = 0; lastKnownFileType = unknown; name = "HKGrotesk-LegacyItalic.otf"; path = "../fonts/HKGrotesk-LegacyItalic.otf"; sourceTree = "<group>"; };
		211D50DBCCA349F69CCF2ECC /* Albra Light.otf */ = {isa = PBXFileReference; explicitFileType = undefined; fileEncoding = 9; includeInIndex = 0; lastKnownFileType = unknown; name = "Albra Light.otf"; path = "../fonts/Albra Light.otf"; sourceTree = "<group>"; };
		2AD92932E0AC4BA299ED3CDF /* HKGrotesk-BoldLegacy.otf */ = {isa = PBXFileReference; explicitFileType = undefined; fileEncoding = 9; includeInIndex = 0; lastKnownFileType = unknown; name = "HKGrotesk-BoldLegacy.otf"; path = "../fonts/HKGrotesk-BoldLegacy.otf"; sourceTree = "<group>"; };
		2D02E47B1E0B4A5D006451C7 /* klaarshop-tvOS.app */ = {isa = PBXFileReference; explicitFileType = wrapper.application; includeInIndex = 0; path = "klaarshop-tvOS.app"; sourceTree = BUILT_PRODUCTS_DIR; };
		2D02E4901E0B4A5D006451C7 /* klaarshop-tvOSTests.xctest */ = {isa = PBXFileReference; explicitFileType = wrapper.cfbundle; includeInIndex = 0; path = "klaarshop-tvOSTests.xctest"; sourceTree = BUILT_PRODUCTS_DIR; };
		36E5DF83C8414D2A820FAB82 /* Albra Medium.otf */ = {isa = PBXFileReference; explicitFileType = undefined; fileEncoding = 9; includeInIndex = 0; lastKnownFileType = unknown; name = "Albra Medium.otf"; path = "../fonts/Albra Medium.otf"; sourceTree = "<group>"; };
		374725D1F7654F548BF0E22F /* HKGrotesk-MediumLegacy.otf */ = {isa = PBXFileReference; explicitFileType = undefined; fileEncoding = 9; includeInIndex = 0; lastKnownFileType = unknown; name = "HKGrotesk-MediumLegacy.otf"; path = "../fonts/HKGrotesk-MediumLegacy.otf"; sourceTree = "<group>"; };
		3A21F8A557F64DA39EB18539 /* HKGrotesk-MediumItalic.otf */ = {isa = PBXFileReference; explicitFileType = undefined; fileEncoding = 9; includeInIndex = 0; lastKnownFileType = unknown; name = "HKGrotesk-MediumItalic.otf"; path = "../fonts/HKGrotesk-MediumItalic.otf"; sourceTree = "<group>"; };
		3EC58D2B3A07479292AF58EB /* HKGrotesk-Medium.otf */ = {isa = PBXFileReference; explicitFileType = undefined; fileEncoding = 9; includeInIndex = 0; lastKnownFileType = unknown; name = "HKGrotesk-Medium.otf"; path = "../fonts/HKGrotesk-Medium.otf"; sourceTree = "<group>"; };
		42A0390C5654427D960E60E3 /* HKGrotesk-LightLegacy.otf */ = {isa = PBXFileReference; explicitFileType = undefined; fileEncoding = 9; includeInIndex = 0; lastKnownFileType = unknown; name = "HKGrotesk-LightLegacy.otf"; path = "../fonts/HKGrotesk-LightLegacy.otf"; sourceTree = "<group>"; };
		44233E714A3442A08D51621E /* Albra Text Bold.otf */ = {isa = PBXFileReference; explicitFileType = undefined; fileEncoding = 9; includeInIndex = 0; lastKnownFileType = unknown; name = "Albra Text Bold.otf"; path = "../fonts/Albra Text Bold.otf"; sourceTree = "<group>"; };
		45A7F957B98C4C84A10EE658 /* HKGrotesk-Regular.otf */ = {isa = PBXFileReference; explicitFileType = undefined; fileEncoding = 9; includeInIndex = 0; lastKnownFileType = unknown; name = "HKGrotesk-Regular.otf"; path = "../fonts/HKGrotesk-Regular.otf"; sourceTree = "<group>"; };
		52ACBEBBEBBE4F138305F3F6 /* HKGrotesk-BoldItalic.otf */ = {isa = PBXFileReference; explicitFileType = undefined; fileEncoding = 9; includeInIndex = 0; lastKnownFileType = unknown; name = "HKGrotesk-BoldItalic.otf"; path = "../fonts/HKGrotesk-BoldItalic.otf"; sourceTree = "<group>"; };
		534905666ED462D3A0E46936 /* Pods-klaarshop-klaarshopTests.debug.xcconfig */ = {isa = PBXFileReference; includeInIndex = 1; lastKnownFileType = text.xcconfig; name = "Pods-klaarshop-klaarshopTests.debug.xcconfig"; path = "Target Support Files/Pods-klaarshop-klaarshopTests/Pods-klaarshop-klaarshopTests.debug.xcconfig"; sourceTree = "<group>"; };
		536F2C28A6C24C7291D85937 /* HKGrotesk-BoldLegacyItalic.otf */ = {isa = PBXFileReference; explicitFileType = undefined; fileEncoding = 9; includeInIndex = 0; lastKnownFileType = unknown; name = "HKGrotesk-BoldLegacyItalic.otf"; path = "../fonts/HKGrotesk-BoldLegacyItalic.otf"; sourceTree = "<group>"; };
		556390C229C04D6F8669C55E /* Albra Bold.otf */ = {isa = PBXFileReference; explicitFileType = undefined; fileEncoding = 9; includeInIndex = 0; lastKnownFileType = unknown; name = "Albra Bold.otf"; path = "../fonts/Albra Bold.otf"; sourceTree = "<group>"; };
		57386BA923B24CCBB30B0995 /* HKGrotesk-Bold.otf */ = {isa = PBXFileReference; explicitFileType = undefined; fileEncoding = 9; includeInIndex = 0; lastKnownFileType = unknown; name = "HKGrotesk-Bold.otf"; path = "../fonts/HKGrotesk-Bold.otf"; sourceTree = "<group>"; };
		67A00E8DCD5740EA84BAFA8E /* HKGrotesk-Italic.otf */ = {isa = PBXFileReference; explicitFileType = undefined; fileEncoding = 9; includeInIndex = 0; lastKnownFileType = unknown; name = "HKGrotesk-Italic.otf"; path = "../fonts/HKGrotesk-Italic.otf"; sourceTree = "<group>"; };
		69775095837463A504B070BA /* Pods-klaarshop.release.xcconfig */ = {isa = PBXFileReference; includeInIndex = 1; lastKnownFileType = text.xcconfig; name = "Pods-klaarshop.release.xcconfig"; path = "Target Support Files/Pods-klaarshop/Pods-klaarshop.release.xcconfig"; sourceTree = "<group>"; };
		795CE934655B4BD18E747112 /* HKGrotesk-LightLegacyItalic.otf */ = {isa = PBXFileReference; explicitFileType = undefined; fileEncoding = 9; includeInIndex = 0; lastKnownFileType = unknown; name = "HKGrotesk-LightLegacyItalic.otf"; path = "../fonts/HKGrotesk-LightLegacyItalic.otf"; sourceTree = "<group>"; };
		7B636845D3054803B30CCFBD /* Albra Text Black.otf */ = {isa = PBXFileReference; explicitFileType = undefined; fileEncoding = 9; includeInIndex = 0; lastKnownFileType = unknown; name = "Albra Text Black.otf"; path = "../fonts/Albra Text Black.otf"; sourceTree = "<group>"; };
		81AB9BB72411601600AC10FF /* LaunchScreen.storyboard */ = {isa = PBXFileReference; fileEncoding = 4; lastKnownFileType = file.storyboard; name = LaunchScreen.storyboard; path = AppClaarTempl/LaunchScreen.storyboard; sourceTree = "<group>"; };
		8962F32FA2F34E6781985C8B /* Albra Text Medium.otf */ = {isa = PBXFileReference; explicitFileType = undefined; fileEncoding = 9; includeInIndex = 0; lastKnownFileType = unknown; name = "Albra Text Medium.otf"; path = "../fonts/Albra Text Medium.otf"; sourceTree = "<group>"; };
		920AE01196CF291853BA329C /* Pods-AppClaarTempl-AppClaarTemplTests.release.xcconfig */ = {isa = PBXFileReference; includeInIndex = 1; lastKnownFileType = text.xcconfig; name = "Pods-AppClaarTempl-AppClaarTemplTests.release.xcconfig"; path = "Target Support Files/Pods-AppClaarTempl-AppClaarTemplTests/Pods-AppClaarTempl-AppClaarTemplTests.release.xcconfig"; sourceTree = "<group>"; };
		94DFE2A49B9A47B68EBC24C0 /* Albra Text Light.otf */ = {isa = PBXFileReference; explicitFileType = undefined; fileEncoding = 9; includeInIndex = 0; lastKnownFileType = unknown; name = "Albra Text Light.otf"; path = "../fonts/Albra Text Light.otf"; sourceTree = "<group>"; };
		96ABFB4C153A44F3B5A938C1 /* HKGrotesk-SemiBoldLegacy.otf */ = {isa = PBXFileReference; explicitFileType = undefined; fileEncoding = 9; includeInIndex = 0; lastKnownFileType = unknown; name = "HKGrotesk-SemiBoldLegacy.otf"; path = "../fonts/HKGrotesk-SemiBoldLegacy.otf"; sourceTree = "<group>"; };
		98E646F36B784398B8B6160A /* HKGrotesk-SemiBold.otf */ = {isa = PBXFileReference; explicitFileType = undefined; fileEncoding = 9; includeInIndex = 0; lastKnownFileType = unknown; name = "HKGrotesk-SemiBold.otf"; path = "../fonts/HKGrotesk-SemiBold.otf"; sourceTree = "<group>"; };
		A4DFC004F540937D7F5CB493 /* libPods-klaarshop.a */ = {isa = PBXFileReference; explicitFileType = archive.ar; includeInIndex = 0; path = "libPods-klaarshop.a"; sourceTree = BUILT_PRODUCTS_DIR; };
		A73D6623F5213E78782B8867 /* Pods-AppClaarTempl.release.xcconfig */ = {isa = PBXFileReference; includeInIndex = 1; lastKnownFileType = text.xcconfig; name = "Pods-AppClaarTempl.release.xcconfig"; path = "Target Support Files/Pods-AppClaarTempl/Pods-AppClaarTempl.release.xcconfig"; sourceTree = "<group>"; };
		A8A68024B3AB4D378420ECEB /* Albra Text Regular.otf */ = {isa = PBXFileReference; explicitFileType = undefined; fileEncoding = 9; includeInIndex = 0; lastKnownFileType = unknown; name = "Albra Text Regular.otf"; path = "../fonts/Albra Text Regular.otf"; sourceTree = "<group>"; };
		AAD5A477CDD043038CFF7E99 /* HKGrotesk-SemiBoldLegacyItalic.otf */ = {isa = PBXFileReference; explicitFileType = undefined; fileEncoding = 9; includeInIndex = 0; lastKnownFileType = unknown; name = "HKGrotesk-SemiBoldLegacyItalic.otf"; path = "../fonts/HKGrotesk-SemiBoldLegacyItalic.otf"; sourceTree = "<group>"; };
		AB3F7B4889730F7240D2695A /* Pods-klaarshop.debug.xcconfig */ = {isa = PBXFileReference; includeInIndex = 1; lastKnownFileType = text.xcconfig; name = "Pods-klaarshop.debug.xcconfig"; path = "Target Support Files/Pods-klaarshop/Pods-klaarshop.debug.xcconfig"; sourceTree = "<group>"; };
		B48790D62ECAB2112BFE8FE0 /* Pods-klaarshop-klaarshopTests.release.xcconfig */ = {isa = PBXFileReference; includeInIndex = 1; lastKnownFileType = text.xcconfig; name = "Pods-klaarshop-klaarshopTests.release.xcconfig"; path = "Target Support Files/Pods-klaarshop-klaarshopTests/Pods-klaarshop-klaarshopTests.release.xcconfig"; sourceTree = "<group>"; };
		B87769CD5F404698AAD8E3ED /* HKGrotesk-MediumLegacyItalic.otf */ = {isa = PBXFileReference; explicitFileType = undefined; fileEncoding = 9; includeInIndex = 0; lastKnownFileType = unknown; name = "HKGrotesk-MediumLegacyItalic.otf"; path = "../fonts/HKGrotesk-MediumLegacyItalic.otf"; sourceTree = "<group>"; };
		B9E4D6A1027443BBA83F99AB /* HKGrotesk-RegularLegacy.otf */ = {isa = PBXFileReference; explicitFileType = undefined; fileEncoding = 9; includeInIndex = 0; lastKnownFileType = unknown; name = "HKGrotesk-RegularLegacy.otf"; path = "../fonts/HKGrotesk-RegularLegacy.otf"; sourceTree = "<group>"; };
		C4C71BF7053746C587F08FFF /* Albra Regular.otf */ = {isa = PBXFileReference; explicitFileType = undefined; fileEncoding = 9; includeInIndex = 0; lastKnownFileType = unknown; name = "Albra Regular.otf"; path = "../fonts/Albra Regular.otf"; sourceTree = "<group>"; };
		CE871086B7C849E19753317E /* Albra Semi.otf */ = {isa = PBXFileReference; explicitFileType = undefined; fileEncoding = 9; includeInIndex = 0; lastKnownFileType = unknown; name = "Albra Semi.otf"; path = "../fonts/Albra Semi.otf"; sourceTree = "<group>"; };
		D5B2C53165757B8DB1E88994 /* Pods-AppClaarTempl-AppClaarTemplTests.debug.xcconfig */ = {isa = PBXFileReference; includeInIndex = 1; lastKnownFileType = text.xcconfig; name = "Pods-AppClaarTempl-AppClaarTemplTests.debug.xcconfig"; path = "Target Support Files/Pods-AppClaarTempl-AppClaarTemplTests/Pods-AppClaarTempl-AppClaarTemplTests.debug.xcconfig"; sourceTree = "<group>"; };
		D8B6942E14984A9A880DE3E9 /* HKGrotesk-LightItalic.otf */ = {isa = PBXFileReference; explicitFileType = undefined; fileEncoding = 9; includeInIndex = 0; lastKnownFileType = unknown; name = "HKGrotesk-LightItalic.otf"; path = "../fonts/HKGrotesk-LightItalic.otf"; sourceTree = "<group>"; };
		E9D04D1CB029431388F83C56 /* Albra Text Semi.otf */ = {isa = PBXFileReference; explicitFileType = undefined; fileEncoding = 9; includeInIndex = 0; lastKnownFileType = unknown; name = "Albra Text Semi.otf"; path = "../fonts/Albra Text Semi.otf"; sourceTree = "<group>"; };
		ED0D4C0C708F468AA90F3731 /* HKGrotesk-ExtraBold.otf */ = {isa = PBXFileReference; explicitFileType = undefined; fileEncoding = 9; includeInIndex = 0; lastKnownFileType = unknown; name = "HKGrotesk-ExtraBold.otf"; path = "../fonts/HKGrotesk-ExtraBold.otf"; sourceTree = "<group>"; };
		ED297162215061F000B7C4FE /* JavaScriptCore.framework */ = {isa = PBXFileReference; lastKnownFileType = wrapper.framework; name = JavaScriptCore.framework; path = System/Library/Frameworks/JavaScriptCore.framework; sourceTree = SDKROOT; };
		ED2971642150620600B7C4FE /* JavaScriptCore.framework */ = {isa = PBXFileReference; lastKnownFileType = wrapper.framework; name = JavaScriptCore.framework; path = Platforms/AppleTVOS.platform/Developer/SDKs/AppleTVOS12.0.sdk/System/Library/Frameworks/JavaScriptCore.framework; sourceTree = DEVELOPER_DIR; };
		F3E913972B31574447799D3B /* Pods-AppClaarTempl.debug.xcconfig */ = {isa = PBXFileReference; includeInIndex = 1; lastKnownFileType = text.xcconfig; name = "Pods-AppClaarTempl.debug.xcconfig"; path = "Target Support Files/Pods-AppClaarTempl/Pods-AppClaarTempl.debug.xcconfig"; sourceTree = "<group>"; };
		F7A1E15075E14601AC6226F4 /* Albra Black.otf */ = {isa = PBXFileReference; explicitFileType = undefined; fileEncoding = 9; includeInIndex = 0; lastKnownFileType = unknown; name = "Albra Black.otf"; path = "../fonts/Albra Black.otf"; sourceTree = "<group>"; };
/* End PBXFileReference section */

/* Begin PBXFrameworksBuildPhase section */
		00E356EB1AD99517003FC87E /* Frameworks */ = {
			isa = PBXFrameworksBuildPhase;
			buildActionMask = 2147483647;
			files = (
				A58482D99CA48A07BD472134 /* libPods-klaarshop-klaarshopTests.a in Frameworks */,
			);
			runOnlyForDeploymentPostprocessing = 0;
		};
		13B07F8C1A680F5B00A75B9A /* Frameworks */ = {
			isa = PBXFrameworksBuildPhase;
			buildActionMask = 2147483647;
			files = (
				130220512587062200B42F48 /* HealthKit.framework in Frameworks */,
				1C52F22A2E84A5ED69EE2BF1 /* libPods-klaarshop.a in Frameworks */,
			);
			runOnlyForDeploymentPostprocessing = 0;
		};
		2D02E4781E0B4A5D006451C7 /* Frameworks */ = {
			isa = PBXFrameworksBuildPhase;
			buildActionMask = 2147483647;
			files = (
			);
			runOnlyForDeploymentPostprocessing = 0;
		};
		2D02E48D1E0B4A5D006451C7 /* Frameworks */ = {
			isa = PBXFrameworksBuildPhase;
			buildActionMask = 2147483647;
			files = (
			);
			runOnlyForDeploymentPostprocessing = 0;
		};
/* End PBXFrameworksBuildPhase section */

/* Begin PBXGroup section */
		00E356EF1AD99517003FC87E /* AppClaarTemplTests */ = {
			isa = PBXGroup;
			children = (
				00E356F21AD99517003FC87E /* AppClaarTemplTests.m */,
				00E356F01AD99517003FC87E /* Supporting Files */,
			);
			path = AppClaarTemplTests;
			sourceTree = "<group>";
		};
		00E356F01AD99517003FC87E /* Supporting Files */ = {
			isa = PBXGroup;
			children = (
				00E356F11AD99517003FC87E /* Info.plist */,
			);
			name = "Supporting Files";
			sourceTree = "<group>";
		};
		13B07FAE1A68108700A75B9A /* AppClaarTempl */ = {
			isa = PBXGroup;
			children = (
				1302204F2587062200B42F48 /* Workout By Katya.entitlements */,
				1F8AA4D424E6D3CC001F4870 /* GoogleService-Info.plist */,
				008F07F21AC5B25A0029DE68 /* main.jsbundle */,
				13B07FAF1A68108700A75B9A /* AppDelegate.h */,
				13B07FB01A68108700A75B9A /* AppDelegate.m */,
				13B07FB51A68108700A75B9A /* Images.xcassets */,
				13B07FB61A68108700A75B9A /* Info.plist */,
				81AB9BB72411601600AC10FF /* LaunchScreen.storyboard */,
				13B07FB71A68108700A75B9A /* main.m */,
			);
			name = AppClaarTempl;
			sourceTree = "<group>";
		};
		174178EDB2D343CAAF1D3CE2 /* Resources */ = {
			isa = PBXGroup;
			children = (
				F7A1E15075E14601AC6226F4 /* Albra Black.otf */,
				556390C229C04D6F8669C55E /* Albra Bold.otf */,
				211D50DBCCA349F69CCF2ECC /* Albra Light.otf */,
				36E5DF83C8414D2A820FAB82 /* Albra Medium.otf */,
				C4C71BF7053746C587F08FFF /* Albra Regular.otf */,
				CE871086B7C849E19753317E /* Albra Semi.otf */,
				7B636845D3054803B30CCFBD /* Albra Text Black.otf */,
				44233E714A3442A08D51621E /* Albra Text Bold.otf */,
				94DFE2A49B9A47B68EBC24C0 /* Albra Text Light.otf */,
				8962F32FA2F34E6781985C8B /* Albra Text Medium.otf */,
				A8A68024B3AB4D378420ECEB /* Albra Text Regular.otf */,
				E9D04D1CB029431388F83C56 /* Albra Text Semi.otf */,
				132A5EB5F7154406B1374266 /* HKGrotesk-Black.otf */,
				57386BA923B24CCBB30B0995 /* HKGrotesk-Bold.otf */,
				52ACBEBBEBBE4F138305F3F6 /* HKGrotesk-BoldItalic.otf */,
				2AD92932E0AC4BA299ED3CDF /* HKGrotesk-BoldLegacy.otf */,
				536F2C28A6C24C7291D85937 /* HKGrotesk-BoldLegacyItalic.otf */,
				ED0D4C0C708F468AA90F3731 /* HKGrotesk-ExtraBold.otf */,
				67A00E8DCD5740EA84BAFA8E /* HKGrotesk-Italic.otf */,
				2032B5369F9B4567BCDF865E /* HKGrotesk-LegacyItalic.otf */,
				08BB8900DF0047CC88E3BDBF /* HKGrotesk-Light.otf */,
				D8B6942E14984A9A880DE3E9 /* HKGrotesk-LightItalic.otf */,
				42A0390C5654427D960E60E3 /* HKGrotesk-LightLegacy.otf */,
				795CE934655B4BD18E747112 /* HKGrotesk-LightLegacyItalic.otf */,
				3EC58D2B3A07479292AF58EB /* HKGrotesk-Medium.otf */,
				3A21F8A557F64DA39EB18539 /* HKGrotesk-MediumItalic.otf */,
				374725D1F7654F548BF0E22F /* HKGrotesk-MediumLegacy.otf */,
				B87769CD5F404698AAD8E3ED /* HKGrotesk-MediumLegacyItalic.otf */,
				45A7F957B98C4C84A10EE658 /* HKGrotesk-Regular.otf */,
				B9E4D6A1027443BBA83F99AB /* HKGrotesk-RegularLegacy.otf */,
				98E646F36B784398B8B6160A /* HKGrotesk-SemiBold.otf */,
				15F346DD64B342DEB26F400F /* HKGrotesk-SemiBoldItalic.otf */,
				96ABFB4C153A44F3B5A938C1 /* HKGrotesk-SemiBoldLegacy.otf */,
				AAD5A477CDD043038CFF7E99 /* HKGrotesk-SemiBoldLegacyItalic.otf */,
			);
			name = Resources;
			sourceTree = "<group>";
		};
		2D16E6871FA4F8E400B85C8A /* Frameworks */ = {
			isa = PBXGroup;
			children = (
				130220502587062200B42F48 /* HealthKit.framework */,
				ED297162215061F000B7C4FE /* JavaScriptCore.framework */,
				ED2971642150620600B7C4FE /* JavaScriptCore.framework */,
				A4DFC004F540937D7F5CB493 /* libPods-klaarshop.a */,
				059348DAE5AC47ED89F69BA4 /* libPods-klaarshop-klaarshopTests.a */,
			);
			name = Frameworks;
			sourceTree = "<group>";
		};
		832341AE1AAA6A7D00B99B32 /* Libraries */ = {
			isa = PBXGroup;
			children = (
			);
			name = Libraries;
			sourceTree = "<group>";
		};
		83CBB9F61A601CBA00E9B192 = {
			isa = PBXGroup;
			children = (
				13B07FAE1A68108700A75B9A /* AppClaarTempl */,
				832341AE1AAA6A7D00B99B32 /* Libraries */,
				00E356EF1AD99517003FC87E /* AppClaarTemplTests */,
				83CBBA001A601CBA00E9B192 /* Products */,
				2D16E6871FA4F8E400B85C8A /* Frameworks */,
				896751923113820FB4EA36BE /* Pods */,
				174178EDB2D343CAAF1D3CE2 /* Resources */,
			);
			indentWidth = 2;
			sourceTree = "<group>";
			tabWidth = 2;
			usesTabs = 0;
		};
		83CBBA001A601CBA00E9B192 /* Products */ = {
			isa = PBXGroup;
			children = (
				13B07F961A680F5B00A75B9A /* klaarshop.app */,
				00E356EE1AD99517003FC87E /* klaarshopTests.xctest */,
				2D02E47B1E0B4A5D006451C7 /* klaarshop-tvOS.app */,
				2D02E4901E0B4A5D006451C7 /* klaarshop-tvOSTests.xctest */,
			);
			name = Products;
			sourceTree = "<group>";
		};
		896751923113820FB4EA36BE /* Pods */ = {
			isa = PBXGroup;
			children = (
				F3E913972B31574447799D3B /* Pods-AppClaarTempl.debug.xcconfig */,
				A73D6623F5213E78782B8867 /* Pods-AppClaarTempl.release.xcconfig */,
				D5B2C53165757B8DB1E88994 /* Pods-AppClaarTempl-AppClaarTemplTests.debug.xcconfig */,
				920AE01196CF291853BA329C /* Pods-AppClaarTempl-AppClaarTemplTests.release.xcconfig */,
				AB3F7B4889730F7240D2695A /* Pods-klaarshop.debug.xcconfig */,
				69775095837463A504B070BA /* Pods-klaarshop.release.xcconfig */,
				534905666ED462D3A0E46936 /* Pods-klaarshop-klaarshopTests.debug.xcconfig */,
				B48790D62ECAB2112BFE8FE0 /* Pods-klaarshop-klaarshopTests.release.xcconfig */,
			);
			path = Pods;
			sourceTree = "<group>";
		};
/* End PBXGroup section */

/* Begin PBXNativeTarget section */
		00E356ED1AD99517003FC87E /* klaarshopTests */ = {
			isa = PBXNativeTarget;
			buildConfigurationList = 00E357021AD99517003FC87E /* Build configuration list for PBXNativeTarget "klaarshopTests" */;
			buildPhases = (
				99B57772D4E3BBB71ECEB08D /* [CP] Check Pods Manifest.lock */,
				00E356EA1AD99517003FC87E /* Sources */,
				00E356EB1AD99517003FC87E /* Frameworks */,
				00E356EC1AD99517003FC87E /* Resources */,
				4DF74E02309D0674CD39F2F6 /* [CP] Copy Pods Resources */,
			);
			buildRules = (
			);
			dependencies = (
				00E356F51AD99517003FC87E /* PBXTargetDependency */,
			);
			name = klaarshopTests;
			productName = AppClaarTemplTests;
			productReference = 00E356EE1AD99517003FC87E /* klaarshopTests.xctest */;
			productType = "com.apple.product-type.bundle.unit-test";
		};
		13B07F861A680F5B00A75B9A /* klaarshop */ = {
			isa = PBXNativeTarget;
			buildConfigurationList = 13B07F931A680F5B00A75B9A /* Build configuration list for PBXNativeTarget "klaarshop" */;
			buildPhases = (
				0420A8CB575674623975BAD1 /* [CP] Check Pods Manifest.lock */,
				FD10A7F022414F080027D42C /* Start Packager */,
				13B07F871A680F5B00A75B9A /* Sources */,
				13B07F8C1A680F5B00A75B9A /* Frameworks */,
				13B07F8E1A680F5B00A75B9A /* Resources */,
				00DD1BFF1BD5951E006B06BC /* Bundle React Native code and images */,
				7673B7292A47C1F4F6B8C9E4 /* [CP] Copy Pods Resources */,
				24F87B26ACAC368E8DF2032E /* [CP-User] [NOTIFEE] Config */,
			);
			buildRules = (
			);
			dependencies = (
			);
			name = klaarshop;
			productName = AppClaarTempl;
			productReference = 13B07F961A680F5B00A75B9A /* klaarshop.app */;
			productType = "com.apple.product-type.application";
		};
		2D02E47A1E0B4A5D006451C7 /* klaarshop-tvOS */ = {
			isa = PBXNativeTarget;
			buildConfigurationList = 2D02E4BA1E0B4A5E006451C7 /* Build configuration list for PBXNativeTarget "klaarshop-tvOS" */;
			buildPhases = (
				FD10A7F122414F3F0027D42C /* Start Packager */,
				2D02E4771E0B4A5D006451C7 /* Sources */,
				2D02E4781E0B4A5D006451C7 /* Frameworks */,
				2D02E4791E0B4A5D006451C7 /* Resources */,
				2D02E4CB1E0B4B27006451C7 /* Bundle React Native Code And Images */,
			);
			buildRules = (
			);
			dependencies = (
			);
			name = "klaarshop-tvOS";
			productName = "AppClaarTempl-tvOS";
			productReference = 2D02E47B1E0B4A5D006451C7 /* klaarshop-tvOS.app */;
			productType = "com.apple.product-type.application";
		};
		2D02E48F1E0B4A5D006451C7 /* klaarshop-tvOSTests */ = {
			isa = PBXNativeTarget;
			buildConfigurationList = 2D02E4BB1E0B4A5E006451C7 /* Build configuration list for PBXNativeTarget "klaarshop-tvOSTests" */;
			buildPhases = (
				2D02E48C1E0B4A5D006451C7 /* Sources */,
				2D02E48D1E0B4A5D006451C7 /* Frameworks */,
				2D02E48E1E0B4A5D006451C7 /* Resources */,
			);
			buildRules = (
			);
			dependencies = (
				2D02E4921E0B4A5D006451C7 /* PBXTargetDependency */,
			);
			name = "klaarshop-tvOSTests";
			productName = "AppClaarTempl-tvOSTests";
			productReference = 2D02E4901E0B4A5D006451C7 /* klaarshop-tvOSTests.xctest */;
			productType = "com.apple.product-type.bundle.unit-test";
		};
/* End PBXNativeTarget section */

/* Begin PBXProject section */
		83CBB9F71A601CBA00E9B192 /* Project object */ = {
			isa = PBXProject;
			attributes = {
				LastUpgradeCheck = 1130;
				TargetAttributes = {
					00E356ED1AD99517003FC87E = {
						CreatedOnToolsVersion = 6.2;
						TestTargetID = 13B07F861A680F5B00A75B9A;
					};
					13B07F861A680F5B00A75B9A = {
						DevelopmentTeam = 6XM338S9CB;
						LastSwiftMigration = 1120;
					};
					2D02E47A1E0B4A5D006451C7 = {
						CreatedOnToolsVersion = 8.2.1;
						ProvisioningStyle = Automatic;
					};
					2D02E48F1E0B4A5D006451C7 = {
						CreatedOnToolsVersion = 8.2.1;
						ProvisioningStyle = Automatic;
						TestTargetID = 2D02E47A1E0B4A5D006451C7;
					};
				};
			};
			buildConfigurationList = 83CBB9FA1A601CBA00E9B192 /* Build configuration list for PBXProject "klaarshop" */;
			compatibilityVersion = "Xcode 3.2";
			developmentRegion = en;
			hasScannedForEncodings = 0;
			knownRegions = (
				en,
				Base,
			);
			mainGroup = 83CBB9F61A601CBA00E9B192;
			productRefGroup = 83CBBA001A601CBA00E9B192 /* Products */;
			projectDirPath = "";
			projectRoot = "";
			targets = (
				13B07F861A680F5B00A75B9A /* klaarshop */,
				00E356ED1AD99517003FC87E /* klaarshopTests */,
				2D02E47A1E0B4A5D006451C7 /* klaarshop-tvOS */,
				2D02E48F1E0B4A5D006451C7 /* klaarshop-tvOSTests */,
			);
		};
/* End PBXProject section */

/* Begin PBXResourcesBuildPhase section */
		00E356EC1AD99517003FC87E /* Resources */ = {
			isa = PBXResourcesBuildPhase;
			buildActionMask = 2147483647;
			files = (
				1F8AA4D624E6D3CC001F4870 /* GoogleService-Info.plist in Resources */,
			);
			runOnlyForDeploymentPostprocessing = 0;
		};
		13B07F8E1A680F5B00A75B9A /* Resources */ = {
			isa = PBXResourcesBuildPhase;
			buildActionMask = 2147483647;
			files = (
				81AB9BB82411601600AC10FF /* LaunchScreen.storyboard in Resources */,
				13B07FBF1A68108700A75B9A /* Images.xcassets in Resources */,
				1F8AA4D524E6D3CC001F4870 /* GoogleService-Info.plist in Resources */,
				9EE5CF988E964636B3C75565 /* Albra Black.otf in Resources */,
				BB4F9D1BBF984EA8BE9E382F /* Albra Bold.otf in Resources */,
				3049F24C238E4A388791181F /* Albra Light.otf in Resources */,
				EFD15858E16D43B1A8DB35AF /* Albra Medium.otf in Resources */,
				B2A6E26EFBFF46F494C77486 /* Albra Regular.otf in Resources */,
				73D1415D01C24CF88F05C1A2 /* Albra Semi.otf in Resources */,
				D16D6843AE8A47438EB6D341 /* Albra Text Black.otf in Resources */,
				96A2BC198DDF4D98BD1B0A82 /* Albra Text Bold.otf in Resources */,
				64F48001B315430F9D664962 /* Albra Text Light.otf in Resources */,
				90365BC823914E578986360D /* Albra Text Medium.otf in Resources */,
				9C98E43E65E1484EA7012898 /* Albra Text Regular.otf in Resources */,
				DF7DCF3BA76B4D39B681D3D9 /* Albra Text Semi.otf in Resources */,
				09898A58093D49BEBB7EBE61 /* HKGrotesk-Black.otf in Resources */,
				27A0FB3F31224F98BDC2CF95 /* HKGrotesk-Bold.otf in Resources */,
				31824B17D66A401CA07E8F01 /* HKGrotesk-BoldItalic.otf in Resources */,
				43ED9E3768C246D38CEE78A4 /* HKGrotesk-BoldLegacy.otf in Resources */,
				9BA37BE0EBD54397A95608D0 /* HKGrotesk-BoldLegacyItalic.otf in Resources */,
				AA513BC60A2E4C879E1C3BC0 /* HKGrotesk-ExtraBold.otf in Resources */,
				74F8AB2A50124456B7CCE640 /* HKGrotesk-Italic.otf in Resources */,
				222D46C8C4A64184BBF38555 /* HKGrotesk-LegacyItalic.otf in Resources */,
				1379AD43DC9C4420B41E4200 /* HKGrotesk-Light.otf in Resources */,
				A268B3DA722E411299FB9537 /* HKGrotesk-LightItalic.otf in Resources */,
				C9126DF6ED1F4F93AC0E0164 /* HKGrotesk-LightLegacy.otf in Resources */,
				47700B2375AD4C4EBCDBB704 /* HKGrotesk-LightLegacyItalic.otf in Resources */,
				128B9669D1114899BD4F89E2 /* HKGrotesk-Medium.otf in Resources */,
				D811B5B3B4FB43C8A599AF5A /* HKGrotesk-MediumItalic.otf in Resources */,
				EDC0E7431C5045A6BD1F6B8D /* HKGrotesk-MediumLegacy.otf in Resources */,
				D40D539434054299A7EBDD45 /* HKGrotesk-MediumLegacyItalic.otf in Resources */,
				751F9A8E6F704802BB1146D2 /* HKGrotesk-Regular.otf in Resources */,
				A6357AB7A8D745FEB742E5D4 /* HKGrotesk-RegularLegacy.otf in Resources */,
				C5D71E4EBA7B4032885DD802 /* HKGrotesk-SemiBold.otf in Resources */,
				3E855EE40AD4427FA858F575 /* HKGrotesk-SemiBoldItalic.otf in Resources */,
				C35B26883A394365A233C1CD /* HKGrotesk-SemiBoldLegacy.otf in Resources */,
				7841186FF6C9428C9D92EA52 /* HKGrotesk-SemiBoldLegacyItalic.otf in Resources */,
			);
			runOnlyForDeploymentPostprocessing = 0;
		};
		2D02E4791E0B4A5D006451C7 /* Resources */ = {
			isa = PBXResourcesBuildPhase;
			buildActionMask = 2147483647;
			files = (
				2D02E4BD1E0B4A84006451C7 /* Images.xcassets in Resources */,
			);
			runOnlyForDeploymentPostprocessing = 0;
		};
		2D02E48E1E0B4A5D006451C7 /* Resources */ = {
			isa = PBXResourcesBuildPhase;
			buildActionMask = 2147483647;
			files = (
			);
			runOnlyForDeploymentPostprocessing = 0;
		};
/* End PBXResourcesBuildPhase section */

/* Begin PBXShellScriptBuildPhase section */
		00DD1BFF1BD5951E006B06BC /* Bundle React Native code and images */ = {
			isa = PBXShellScriptBuildPhase;
			buildActionMask = 2147483647;
			files = (
			);
			inputPaths = (
			);
			name = "Bundle React Native code and images";
			outputPaths = (
			);
			runOnlyForDeploymentPostprocessing = 0;
			shellPath = /bin/sh;
			shellScript = "export NODE_BINARY=node\n../node_modules/react-native/scripts/react-native-xcode.sh";
		};
		0420A8CB575674623975BAD1 /* [CP] Check Pods Manifest.lock */ = {
			isa = PBXShellScriptBuildPhase;
			buildActionMask = 2147483647;
			files = (
			);
			inputFileListPaths = (
			);
			inputPaths = (
				"${PODS_PODFILE_DIR_PATH}/Podfile.lock",
				"${PODS_ROOT}/Manifest.lock",
			);
			name = "[CP] Check Pods Manifest.lock";
			outputFileListPaths = (
			);
			outputPaths = (
				"$(DERIVED_FILE_DIR)/Pods-klaarshop-checkManifestLockResult.txt",
			);
			runOnlyForDeploymentPostprocessing = 0;
			shellPath = /bin/sh;
			shellScript = "diff \"${PODS_PODFILE_DIR_PATH}/Podfile.lock\" \"${PODS_ROOT}/Manifest.lock\" > /dev/null\nif [ $? != 0 ] ; then\n    # print error to STDERR\n    echo \"error: The sandbox is not in sync with the Podfile.lock. Run 'pod install' or update your CocoaPods installation.\" >&2\n    exit 1\nfi\n# This output is used by Xcode 'outputs' to avoid re-running this script phase.\necho \"SUCCESS\" > \"${SCRIPT_OUTPUT_FILE_0}\"\n";
			showEnvVarsInLog = 0;
		};
		24F87B26ACAC368E8DF2032E /* [CP-User] [NOTIFEE] Config */ = {
			isa = PBXShellScriptBuildPhase;
			buildActionMask = 2147483647;
			files = (
			);
			name = "[CP-User] [NOTIFEE] Config";
			runOnlyForDeploymentPostprocessing = 0;
			shellPath = /bin/sh;
			shellScript = "#!/usr/bin/env bash\n#\n# Copyright (c) 2016-present Invertase Limited & Contributors\n#\n# Licensed under the Apache License, Version 2.0 (the \"License\");\n# you may not use this library except in compliance with the License.\n# You may obtain a copy of the License at\n#\n#   http://www.apache.org/licenses/LICENSE-2.0\n#\nset -e\n\n_MAX_LOOKUPS=2;\n_SEARCH_RESULT=''\n_RN_ROOT_EXISTS=''\n_CURRENT_LOOKUPS=1\n_JSON_ROOT=\"'ios'\"\n_JSON_FILE_NAME='notifee.config.json'\n_JSON_OUTPUT_BASE64='e30=' # { }\n_CURRENT_SEARCH_DIR=${PROJECT_DIR}\n_PLIST_BUDDY=/usr/libexec/PlistBuddy\n_TARGET_PLIST=\"${BUILT_PRODUCTS_DIR}/${INFOPLIST_PATH}\"\n_DSYM_PLIST=\"${DWARF_DSYM_FOLDER_PATH}/${DWARF_DSYM_FILE_NAME}/Contents/Info.plist\"\n\n# plist arrays\n_PLIST_ENTRY_KEYS=()\n_PLIST_ENTRY_TYPES=()\n_PLIST_ENTRY_VALUES=()\n\nfunction setPlistValue {\n  echo \"info:      setting plist entry '$1' of type '$2' in file '$4'\"\n  ${_PLIST_BUDDY} -c \"Add :$1 $2 '$3'\" \"$4\" || echo \"info:      '$1' already exists\"\n}\n\necho \"info: -> NOTIFEE build script started\"\necho \"info: 1) Locating ${_JSON_FILE_NAME} file:\"\n\nif [[ -z ${_CURRENT_SEARCH_DIR} ]]; then\n  _CURRENT_SEARCH_DIR=$(pwd)\nfi;\n\nwhile true; do\n  _CURRENT_SEARCH_DIR=$(dirname \"$_CURRENT_SEARCH_DIR\")\n  if [[ \"$_CURRENT_SEARCH_DIR\" == \"/\" ]] || [[ ${_CURRENT_LOOKUPS} -gt ${_MAX_LOOKUPS} ]]; then break; fi;\n  echo \"info:      ($_CURRENT_LOOKUPS of $_MAX_LOOKUPS) Searching in '$_CURRENT_SEARCH_DIR' for a ${_JSON_FILE_NAME} file.\"\n  _SEARCH_RESULT=$(find \"$_CURRENT_SEARCH_DIR\" -maxdepth 2 -name ${_JSON_FILE_NAME} -print | head -n 1)\n  if [[ ${_SEARCH_RESULT} ]]; then\n    echo \"info:      ${_JSON_FILE_NAME} found at $_SEARCH_RESULT\"\n    break;\n  fi;\n  _CURRENT_LOOKUPS=$((_CURRENT_LOOKUPS+1))\ndone\n\nif [[ ${_SEARCH_RESULT} ]]; then\n  _JSON_OUTPUT_RAW=$(cat \"${_SEARCH_RESULT}\")\n  _RN_ROOT_EXISTS=$(ruby -e \"require 'rubygems';require 'json'; output=JSON.parse('$_JSON_OUTPUT_RAW'); puts output[$_JSON_ROOT]\" || echo '')\n\n  if [[ ${_RN_ROOT_EXISTS} ]]; then\n    _JSON_OUTPUT_BASE64=$(python -c 'import json,sys,base64;print(base64.b64encode(json.dumps(json.loads(open('\"'${_SEARCH_RESULT}'\"').read())['${_JSON_ROOT}'])))' || echo \"e30=\")\n  fi\n\n  _PLIST_ENTRY_KEYS+=(\"notifee_json_raw\")\n  _PLIST_ENTRY_TYPES+=(\"string\")\n  _PLIST_ENTRY_VALUES+=(\"$_JSON_OUTPUT_BASE64\")\nelse\n  _PLIST_ENTRY_KEYS+=(\"notifee_json_raw\")\n  _PLIST_ENTRY_TYPES+=(\"string\")\n  _PLIST_ENTRY_VALUES+=(\"$_JSON_OUTPUT_BASE64\")\n  echo \"warning:   A notifee.config.json file was not found.\"\nfi;\n\necho \"info: 2) Injecting Info.plist entries: \"\n\n# Log out the keys we're adding\nfor i in \"${!_PLIST_ENTRY_KEYS[@]}\"; do\n  echo \"    ->  $i) ${_PLIST_ENTRY_KEYS[$i]}\" \"${_PLIST_ENTRY_TYPES[$i]}\" \"${_PLIST_ENTRY_VALUES[$i]}\"\ndone\n\nfor plist in \"${_TARGET_PLIST}\" \"${_DSYM_PLIST}\" ; do\n  if [[ -f ${plist} ]]; then\n    for i in \"${!_PLIST_ENTRY_KEYS[@]}\"; do\n      setPlistValue \"${_PLIST_ENTRY_KEYS[$i]}\" \"${_PLIST_ENTRY_TYPES[$i]}\" \"${_PLIST_ENTRY_VALUES[$i]}\" \"${plist}\"\n    done\n  else\n    echo \"warning:   A Info.plist build output file was not found (${plist})\"\n  fi\ndone\n\necho \"info: <- NOTIFEE build script finished\"\n";
		};
		2D02E4CB1E0B4B27006451C7 /* Bundle React Native Code And Images */ = {
			isa = PBXShellScriptBuildPhase;
			buildActionMask = 2147483647;
			files = (
			);
			inputPaths = (
			);
			name = "Bundle React Native Code And Images";
			outputPaths = (
			);
			runOnlyForDeploymentPostprocessing = 0;
			shellPath = /bin/sh;
			shellScript = "export NODE_BINARY=node\n../node_modules/react-native/scripts/react-native-xcode.sh";
		};
		4DF74E02309D0674CD39F2F6 /* [CP] Copy Pods Resources */ = {
			isa = PBXShellScriptBuildPhase;
			buildActionMask = 2147483647;
			files = (
			);
			inputPaths = (
				"${PODS_ROOT}/Target Support Files/Pods-klaarshop-klaarshopTests/Pods-klaarshop-klaarshopTests-resources.sh",
				"${PODS_ROOT}/GoogleSignIn/Resources/GoogleSignIn.bundle",
				"${PODS_CONFIGURATION_BUILD_DIR}/React-Core/AccessibilityResources.bundle",
				"${PODS_CONFIGURATION_BUILD_DIR}/Stripe/Stripe.bundle",
			);
			name = "[CP] Copy Pods Resources";
			outputPaths = (
				"${TARGET_BUILD_DIR}/${UNLOCALIZED_RESOURCES_FOLDER_PATH}/GoogleSignIn.bundle",
				"${TARGET_BUILD_DIR}/${UNLOCALIZED_RESOURCES_FOLDER_PATH}/AccessibilityResources.bundle",
				"${TARGET_BUILD_DIR}/${UNLOCALIZED_RESOURCES_FOLDER_PATH}/Stripe.bundle",
			);
			runOnlyForDeploymentPostprocessing = 0;
			shellPath = /bin/sh;
			shellScript = "\"${PODS_ROOT}/Target Support Files/Pods-klaarshop-klaarshopTests/Pods-klaarshop-klaarshopTests-resources.sh\"\n";
			showEnvVarsInLog = 0;
		};
		7673B7292A47C1F4F6B8C9E4 /* [CP] Copy Pods Resources */ = {
			isa = PBXShellScriptBuildPhase;
			buildActionMask = 2147483647;
			files = (
			);
			inputPaths = (
				"${PODS_ROOT}/Target Support Files/Pods-klaarshop/Pods-klaarshop-resources.sh",
				"${PODS_ROOT}/GoogleSignIn/Resources/GoogleSignIn.bundle",
				"${PODS_CONFIGURATION_BUILD_DIR}/React-Core/AccessibilityResources.bundle",
				"${PODS_CONFIGURATION_BUILD_DIR}/Stripe/Stripe.bundle",
			);
			name = "[CP] Copy Pods Resources";
			outputPaths = (
				"${TARGET_BUILD_DIR}/${UNLOCALIZED_RESOURCES_FOLDER_PATH}/GoogleSignIn.bundle",
				"${TARGET_BUILD_DIR}/${UNLOCALIZED_RESOURCES_FOLDER_PATH}/AccessibilityResources.bundle",
				"${TARGET_BUILD_DIR}/${UNLOCALIZED_RESOURCES_FOLDER_PATH}/Stripe.bundle",
			);
			runOnlyForDeploymentPostprocessing = 0;
			shellPath = /bin/sh;
			shellScript = "\"${PODS_ROOT}/Target Support Files/Pods-klaarshop/Pods-klaarshop-resources.sh\"\n";
			showEnvVarsInLog = 0;
		};
		99B57772D4E3BBB71ECEB08D /* [CP] Check Pods Manifest.lock */ = {
			isa = PBXShellScriptBuildPhase;
			buildActionMask = 2147483647;
			files = (
			);
			inputFileListPaths = (
			);
			inputPaths = (
				"${PODS_PODFILE_DIR_PATH}/Podfile.lock",
				"${PODS_ROOT}/Manifest.lock",
			);
			name = "[CP] Check Pods Manifest.lock";
			outputFileListPaths = (
			);
			outputPaths = (
				"$(DERIVED_FILE_DIR)/Pods-klaarshop-klaarshopTests-checkManifestLockResult.txt",
			);
			runOnlyForDeploymentPostprocessing = 0;
			shellPath = /bin/sh;
			shellScript = "diff \"${PODS_PODFILE_DIR_PATH}/Podfile.lock\" \"${PODS_ROOT}/Manifest.lock\" > /dev/null\nif [ $? != 0 ] ; then\n    # print error to STDERR\n    echo \"error: The sandbox is not in sync with the Podfile.lock. Run 'pod install' or update your CocoaPods installation.\" >&2\n    exit 1\nfi\n# This output is used by Xcode 'outputs' to avoid re-running this script phase.\necho \"SUCCESS\" > \"${SCRIPT_OUTPUT_FILE_0}\"\n";
			showEnvVarsInLog = 0;
		};
		FD10A7F022414F080027D42C /* Start Packager */ = {
			isa = PBXShellScriptBuildPhase;
			buildActionMask = 2147483647;
			files = (
			);
			inputFileListPaths = (
			);
			inputPaths = (
			);
			name = "Start Packager";
			outputFileListPaths = (
			);
			outputPaths = (
			);
			runOnlyForDeploymentPostprocessing = 0;
			shellPath = /bin/sh;
			shellScript = "export RCT_METRO_PORT=\"${RCT_METRO_PORT:=8081}\"\necho \"export RCT_METRO_PORT=${RCT_METRO_PORT}\" > \"${SRCROOT}/../node_modules/react-native/scripts/.packager.env\"\nif [ -z \"${RCT_NO_LAUNCH_PACKAGER+xxx}\" ] ; then\n  if nc -w 5 -z localhost ${RCT_METRO_PORT} ; then\n    if ! curl -s \"http://localhost:${RCT_METRO_PORT}/status\" | grep -q \"packager-status:running\" ; then\n      echo \"Port ${RCT_METRO_PORT} already in use, packager is either not running or not running correctly\"\n      exit 2\n    fi\n  else\n    open \"$SRCROOT/../node_modules/react-native/scripts/launchPackager.command\" || echo \"Can't start packager automatically\"\n  fi\nfi\n";
			showEnvVarsInLog = 0;
		};
		FD10A7F122414F3F0027D42C /* Start Packager */ = {
			isa = PBXShellScriptBuildPhase;
			buildActionMask = 2147483647;
			files = (
			);
			inputFileListPaths = (
			);
			inputPaths = (
			);
			name = "Start Packager";
			outputFileListPaths = (
			);
			outputPaths = (
			);
			runOnlyForDeploymentPostprocessing = 0;
			shellPath = /bin/sh;
			shellScript = "export RCT_METRO_PORT=\"${RCT_METRO_PORT:=8081}\"\necho \"export RCT_METRO_PORT=${RCT_METRO_PORT}\" > \"${SRCROOT}/../node_modules/react-native/scripts/.packager.env\"\nif [ -z \"${RCT_NO_LAUNCH_PACKAGER+xxx}\" ] ; then\n  if nc -w 5 -z localhost ${RCT_METRO_PORT} ; then\n    if ! curl -s \"http://localhost:${RCT_METRO_PORT}/status\" | grep -q \"packager-status:running\" ; then\n      echo \"Port ${RCT_METRO_PORT} already in use, packager is either not running or not running correctly\"\n      exit 2\n    fi\n  else\n    open \"$SRCROOT/../node_modules/react-native/scripts/launchPackager.command\" || echo \"Can't start packager automatically\"\n  fi\nfi\n";
			showEnvVarsInLog = 0;
		};
/* End PBXShellScriptBuildPhase section */

/* Begin PBXSourcesBuildPhase section */
		00E356EA1AD99517003FC87E /* Sources */ = {
			isa = PBXSourcesBuildPhase;
			buildActionMask = 2147483647;
			files = (
				00E356F31AD99517003FC87E /* AppClaarTemplTests.m in Sources */,
			);
			runOnlyForDeploymentPostprocessing = 0;
		};
		13B07F871A680F5B00A75B9A /* Sources */ = {
			isa = PBXSourcesBuildPhase;
			buildActionMask = 2147483647;
			files = (
				13B07FBC1A68108700A75B9A /* AppDelegate.m in Sources */,
				13B07FC11A68108700A75B9A /* main.m in Sources */,
			);
			runOnlyForDeploymentPostprocessing = 0;
		};
		2D02E4771E0B4A5D006451C7 /* Sources */ = {
			isa = PBXSourcesBuildPhase;
			buildActionMask = 2147483647;
			files = (
				2D02E4BF1E0B4AB3006451C7 /* main.m in Sources */,
				2D02E4BC1E0B4A80006451C7 /* AppDelegate.m in Sources */,
			);
			runOnlyForDeploymentPostprocessing = 0;
		};
		2D02E48C1E0B4A5D006451C7 /* Sources */ = {
			isa = PBXSourcesBuildPhase;
			buildActionMask = 2147483647;
			files = (
				2DCD954D1E0B4F2C00145EB5 /* AppClaarTemplTests.m in Sources */,
			);
			runOnlyForDeploymentPostprocessing = 0;
		};
/* End PBXSourcesBuildPhase section */

/* Begin PBXTargetDependency section */
		00E356F51AD99517003FC87E /* PBXTargetDependency */ = {
			isa = PBXTargetDependency;
			target = 13B07F861A680F5B00A75B9A /* klaarshop */;
			targetProxy = 00E356F41AD99517003FC87E /* PBXContainerItemProxy */;
		};
		2D02E4921E0B4A5D006451C7 /* PBXTargetDependency */ = {
			isa = PBXTargetDependency;
			target = 2D02E47A1E0B4A5D006451C7 /* klaarshop-tvOS */;
			targetProxy = 2D02E4911E0B4A5D006451C7 /* PBXContainerItemProxy */;
		};
/* End PBXTargetDependency section */

/* Begin XCBuildConfiguration section */
		00E356F61AD99517003FC87E /* Debug */ = {
			isa = XCBuildConfiguration;
			baseConfigurationReference = 534905666ED462D3A0E46936 /* Pods-klaarshop-klaarshopTests.debug.xcconfig */;
			buildSettings = {
				BUNDLE_LOADER = "$(TEST_HOST)";
				GCC_PREPROCESSOR_DEFINITIONS = (
					"DEBUG=1",
					"$(inherited)",
				);
				INFOPLIST_FILE = AppClaarTemplTests/Info.plist;
				IPHONEOS_DEPLOYMENT_TARGET = 10.0;
				LD_RUNPATH_SEARCH_PATHS = "$(inherited) @executable_path/Frameworks @loader_path/Frameworks";
				OTHER_LDFLAGS = (
					"-ObjC",
					"-lc++",
					"$(inherited)",
				);
				PRODUCT_BUNDLE_IDENTIFIER = "org.reactjs.native.example.$(PRODUCT_NAME:rfc1034identifier)";
				PRODUCT_NAME = "$(TARGET_NAME)";
				TEST_HOST = "$(BUILT_PRODUCTS_DIR)/klaarshop.app/klaarshop";
			};
			name = Debug;
		};
		00E356F71AD99517003FC87E /* Release */ = {
			isa = XCBuildConfiguration;
			baseConfigurationReference = B48790D62ECAB2112BFE8FE0 /* Pods-klaarshop-klaarshopTests.release.xcconfig */;
			buildSettings = {
				BUNDLE_LOADER = "$(TEST_HOST)";
				COPY_PHASE_STRIP = NO;
				INFOPLIST_FILE = AppClaarTemplTests/Info.plist;
				IPHONEOS_DEPLOYMENT_TARGET = 10.0;
				LD_RUNPATH_SEARCH_PATHS = "$(inherited) @executable_path/Frameworks @loader_path/Frameworks";
				OTHER_LDFLAGS = (
					"-ObjC",
					"-lc++",
					"$(inherited)",
				);
				PRODUCT_BUNDLE_IDENTIFIER = "org.reactjs.native.example.$(PRODUCT_NAME:rfc1034identifier)";
				PRODUCT_NAME = "$(TARGET_NAME)";
				TEST_HOST = "$(BUILT_PRODUCTS_DIR)/klaarshop.app/klaarshop";
			};
			name = Release;
		};
		13B07F941A680F5B00A75B9A /* Debug */ = {
			isa = XCBuildConfiguration;
			baseConfigurationReference = AB3F7B4889730F7240D2695A /* Pods-klaarshop.debug.xcconfig */;
			buildSettings = {
				ASSETCATALOG_COMPILER_APPICON_NAME = AppIcon;
				CLANG_ENABLE_MODULES = YES;
				CODE_SIGN_ENTITLEMENTS = "AppClaarTempl/Workout By Katya.entitlements";
				CURRENT_PROJECT_VERSION = 8;
				DEVELOPMENT_TEAM = 6XM338S9CB;
				ENABLE_BITCODE = NO;
				INFOPLIST_FILE = AppClaarTempl/Info.plist;
				LD_RUNPATH_SEARCH_PATHS = "$(inherited) @executable_path/Frameworks";
				MARKETING_VERSION = 2.0;
				OTHER_LDFLAGS = (
					"$(inherited)",
					"-ObjC",
					"-lc++",
				);
				PRODUCT_BUNDLE_IDENTIFIER = com.klaarshop.store;
				PRODUCT_NAME = klaarshop;
				SWIFT_OPTIMIZATION_LEVEL = "-Onone";
				SWIFT_VERSION = 5.0;
				VERSIONING_SYSTEM = "apple-generic";
			};
			name = Debug;
		};
		13B07F951A680F5B00A75B9A /* Release */ = {
			isa = XCBuildConfiguration;
			baseConfigurationReference = 69775095837463A504B070BA /* Pods-klaarshop.release.xcconfig */;
			buildSettings = {
				ASSETCATALOG_COMPILER_APPICON_NAME = AppIcon;
				CLANG_ENABLE_MODULES = YES;
				CODE_SIGN_ENTITLEMENTS = "AppClaarTempl/Workout By Katya.entitlements";
				CURRENT_PROJECT_VERSION = 8;
				DEVELOPMENT_TEAM = 6XM338S9CB;
				INFOPLIST_FILE = AppClaarTempl/Info.plist;
				LD_RUNPATH_SEARCH_PATHS = "$(inherited) @executable_path/Frameworks";
				MARKETING_VERSION = 2.0;
				OTHER_LDFLAGS = (
					"$(inherited)",
					"-ObjC",
					"-lc++",
				);
				PRODUCT_BUNDLE_IDENTIFIER = com.klaarshop.store;
				PRODUCT_NAME = klaarshop;
				SWIFT_VERSION = 5.0;
				VERSIONING_SYSTEM = "apple-generic";
			};
			name = Release;
		};
		2D02E4971E0B4A5E006451C7 /* Debug */ = {
			isa = XCBuildConfiguration;
			buildSettings = {
				ASSETCATALOG_COMPILER_APPICON_NAME = "App Icon & Top Shelf Image";
				ASSETCATALOG_COMPILER_LAUNCHIMAGE_NAME = LaunchImage;
				CLANG_ANALYZER_NONNULL = YES;
				CLANG_WARN_DOCUMENTATION_COMMENTS = YES;
				CLANG_WARN_INFINITE_RECURSION = YES;
				CLANG_WARN_SUSPICIOUS_MOVE = YES;
				DEBUG_INFORMATION_FORMAT = dwarf;
				ENABLE_TESTABILITY = YES;
				GCC_NO_COMMON_BLOCKS = YES;
				INFOPLIST_FILE = "AppClaarTempl-tvOS/Info.plist";
				LD_RUNPATH_SEARCH_PATHS = "$(inherited) @executable_path/Frameworks";
				OTHER_LDFLAGS = (
					"$(inherited)",
					"-ObjC",
					"-lc++",
				);
				PRODUCT_BUNDLE_IDENTIFIER = "org.reactjs.native.example.AppClaarTempl-tvOS";
				PRODUCT_NAME = "$(TARGET_NAME)";
				SDKROOT = appletvos;
				TARGETED_DEVICE_FAMILY = 3;
				TVOS_DEPLOYMENT_TARGET = 10.0;
			};
			name = Debug;
		};
		2D02E4981E0B4A5E006451C7 /* Release */ = {
			isa = XCBuildConfiguration;
			buildSettings = {
				ASSETCATALOG_COMPILER_APPICON_NAME = "App Icon & Top Shelf Image";
				ASSETCATALOG_COMPILER_LAUNCHIMAGE_NAME = LaunchImage;
				CLANG_ANALYZER_NONNULL = YES;
				CLANG_WARN_DOCUMENTATION_COMMENTS = YES;
				CLANG_WARN_INFINITE_RECURSION = YES;
				CLANG_WARN_SUSPICIOUS_MOVE = YES;
				COPY_PHASE_STRIP = NO;
				DEBUG_INFORMATION_FORMAT = "dwarf-with-dsym";
				GCC_NO_COMMON_BLOCKS = YES;
				INFOPLIST_FILE = "AppClaarTempl-tvOS/Info.plist";
				LD_RUNPATH_SEARCH_PATHS = "$(inherited) @executable_path/Frameworks";
				OTHER_LDFLAGS = (
					"$(inherited)",
					"-ObjC",
					"-lc++",
				);
				PRODUCT_BUNDLE_IDENTIFIER = "org.reactjs.native.example.AppClaarTempl-tvOS";
				PRODUCT_NAME = "$(TARGET_NAME)";
				SDKROOT = appletvos;
				TARGETED_DEVICE_FAMILY = 3;
				TVOS_DEPLOYMENT_TARGET = 10.0;
			};
			name = Release;
		};
		2D02E4991E0B4A5E006451C7 /* Debug */ = {
			isa = XCBuildConfiguration;
			buildSettings = {
				BUNDLE_LOADER = "$(TEST_HOST)";
				CLANG_ANALYZER_NONNULL = YES;
				CLANG_WARN_DOCUMENTATION_COMMENTS = YES;
				CLANG_WARN_INFINITE_RECURSION = YES;
				CLANG_WARN_SUSPICIOUS_MOVE = YES;
				DEBUG_INFORMATION_FORMAT = dwarf;
				ENABLE_TESTABILITY = YES;
				GCC_NO_COMMON_BLOCKS = YES;
				INFOPLIST_FILE = "AppClaarTempl-tvOSTests/Info.plist";
				LD_RUNPATH_SEARCH_PATHS = "$(inherited) @executable_path/Frameworks @loader_path/Frameworks";
				OTHER_LDFLAGS = (
					"$(inherited)",
					"-ObjC",
					"-lc++",
				);
				PRODUCT_BUNDLE_IDENTIFIER = "org.reactjs.native.example.AppClaarTempl-tvOSTests";
				PRODUCT_NAME = "$(TARGET_NAME)";
				SDKROOT = appletvos;
				TEST_HOST = "$(BUILT_PRODUCTS_DIR)/klaarshop-tvOS.app/klaarshop-tvOS";
				TVOS_DEPLOYMENT_TARGET = 10.1;
			};
			name = Debug;
		};
		2D02E49A1E0B4A5E006451C7 /* Release */ = {
			isa = XCBuildConfiguration;
			buildSettings = {
				BUNDLE_LOADER = "$(TEST_HOST)";
				CLANG_ANALYZER_NONNULL = YES;
				CLANG_WARN_DOCUMENTATION_COMMENTS = YES;
				CLANG_WARN_INFINITE_RECURSION = YES;
				CLANG_WARN_SUSPICIOUS_MOVE = YES;
				COPY_PHASE_STRIP = NO;
				DEBUG_INFORMATION_FORMAT = "dwarf-with-dsym";
				GCC_NO_COMMON_BLOCKS = YES;
				INFOPLIST_FILE = "AppClaarTempl-tvOSTests/Info.plist";
				LD_RUNPATH_SEARCH_PATHS = "$(inherited) @executable_path/Frameworks @loader_path/Frameworks";
				OTHER_LDFLAGS = (
					"$(inherited)",
					"-ObjC",
					"-lc++",
				);
				PRODUCT_BUNDLE_IDENTIFIER = "org.reactjs.native.example.AppClaarTempl-tvOSTests";
				PRODUCT_NAME = "$(TARGET_NAME)";
				SDKROOT = appletvos;
				TEST_HOST = "$(BUILT_PRODUCTS_DIR)/klaarshop-tvOS.app/klaarshop-tvOS";
				TVOS_DEPLOYMENT_TARGET = 10.1;
			};
			name = Release;
		};
		83CBBA201A601CBA00E9B192 /* Debug */ = {
			isa = XCBuildConfiguration;
			buildSettings = {
				ALWAYS_SEARCH_USER_PATHS = NO;
				CLANG_ANALYZER_LOCALIZABILITY_NONLOCALIZED = YES;
				CLANG_CXX_LANGUAGE_STANDARD = "gnu++0x";
				CLANG_CXX_LIBRARY = "libc++";
				CLANG_ENABLE_MODULES = YES;
				CLANG_ENABLE_OBJC_ARC = YES;
				CLANG_WARN_BLOCK_CAPTURE_AUTORELEASING = YES;
				CLANG_WARN_BOOL_CONVERSION = YES;
				CLANG_WARN_COMMA = YES;
				CLANG_WARN_CONSTANT_CONVERSION = YES;
				CLANG_WARN_DEPRECATED_OBJC_IMPLEMENTATIONS = YES;
				CLANG_WARN_DIRECT_OBJC_ISA_USAGE = YES_ERROR;
				CLANG_WARN_EMPTY_BODY = YES;
				CLANG_WARN_ENUM_CONVERSION = YES;
				CLANG_WARN_INFINITE_RECURSION = YES;
				CLANG_WARN_INT_CONVERSION = YES;
				CLANG_WARN_NON_LITERAL_NULL_CONVERSION = YES;
				CLANG_WARN_OBJC_IMPLICIT_RETAIN_SELF = YES;
				CLANG_WARN_OBJC_LITERAL_CONVERSION = YES;
				CLANG_WARN_OBJC_ROOT_CLASS = YES_ERROR;
				CLANG_WARN_RANGE_LOOP_ANALYSIS = YES;
				CLANG_WARN_STRICT_PROTOTYPES = YES;
				CLANG_WARN_SUSPICIOUS_MOVE = YES;
				CLANG_WARN_UNREACHABLE_CODE = YES;
				CLANG_WARN__DUPLICATE_METHOD_MATCH = YES;
				"CODE_SIGN_IDENTITY[sdk=iphoneos*]" = "iPhone Developer";
				COPY_PHASE_STRIP = NO;
				ENABLE_STRICT_OBJC_MSGSEND = YES;
				ENABLE_TESTABILITY = YES;
				GCC_C_LANGUAGE_STANDARD = gnu99;
				GCC_DYNAMIC_NO_PIC = NO;
				GCC_NO_COMMON_BLOCKS = YES;
				GCC_OPTIMIZATION_LEVEL = 0;
				GCC_PREPROCESSOR_DEFINITIONS = (
					"DEBUG=1",
					"$(inherited)",
				);
				GCC_SYMBOLS_PRIVATE_EXTERN = NO;
				GCC_WARN_64_TO_32_BIT_CONVERSION = YES;
				GCC_WARN_ABOUT_RETURN_TYPE = YES_ERROR;
				GCC_WARN_UNDECLARED_SELECTOR = YES;
				GCC_WARN_UNINITIALIZED_AUTOS = YES_AGGRESSIVE;
				GCC_WARN_UNUSED_FUNCTION = YES;
				GCC_WARN_UNUSED_VARIABLE = YES;
				IPHONEOS_DEPLOYMENT_TARGET = 10.0;
				LD_RUNPATH_SEARCH_PATHS = "/usr/lib/swift $(inherited)";
				LIBRARY_SEARCH_PATHS = (
					"\"$(TOOLCHAIN_DIR)/usr/lib/swift/$(PLATFORM_NAME)\"",
					"\"$(TOOLCHAIN_DIR)/usr/lib/swift-5.0/$(PLATFORM_NAME)\"",
					"\"$(inherited)\"",
				);
				MTL_ENABLE_DEBUG_INFO = YES;
				ONLY_ACTIVE_ARCH = YES;
				SDKROOT = iphoneos;
			};
			name = Debug;
		};
		83CBBA211A601CBA00E9B192 /* Release */ = {
			isa = XCBuildConfiguration;
			buildSettings = {
				ALWAYS_SEARCH_USER_PATHS = NO;
				CLANG_ANALYZER_LOCALIZABILITY_NONLOCALIZED = YES;
				CLANG_CXX_LANGUAGE_STANDARD = "gnu++0x";
				CLANG_CXX_LIBRARY = "libc++";
				CLANG_ENABLE_MODULES = YES;
				CLANG_ENABLE_OBJC_ARC = YES;
				CLANG_WARN_BLOCK_CAPTURE_AUTORELEASING = YES;
				CLANG_WARN_BOOL_CONVERSION = YES;
				CLANG_WARN_COMMA = YES;
				CLANG_WARN_CONSTANT_CONVERSION = YES;
				CLANG_WARN_DEPRECATED_OBJC_IMPLEMENTATIONS = YES;
				CLANG_WARN_DIRECT_OBJC_ISA_USAGE = YES_ERROR;
				CLANG_WARN_EMPTY_BODY = YES;
				CLANG_WARN_ENUM_CONVERSION = YES;
				CLANG_WARN_INFINITE_RECURSION = YES;
				CLANG_WARN_INT_CONVERSION = YES;
				CLANG_WARN_NON_LITERAL_NULL_CONVERSION = YES;
				CLANG_WARN_OBJC_IMPLICIT_RETAIN_SELF = YES;
				CLANG_WARN_OBJC_LITERAL_CONVERSION = YES;
				CLANG_WARN_OBJC_ROOT_CLASS = YES_ERROR;
				CLANG_WARN_RANGE_LOOP_ANALYSIS = YES;
				CLANG_WARN_STRICT_PROTOTYPES = YES;
				CLANG_WARN_SUSPICIOUS_MOVE = YES;
				CLANG_WARN_UNREACHABLE_CODE = YES;
				CLANG_WARN__DUPLICATE_METHOD_MATCH = YES;
				"CODE_SIGN_IDENTITY[sdk=iphoneos*]" = "iPhone Developer";
				COPY_PHASE_STRIP = YES;
				ENABLE_NS_ASSERTIONS = NO;
				ENABLE_STRICT_OBJC_MSGSEND = YES;
				GCC_C_LANGUAGE_STANDARD = gnu99;
				GCC_NO_COMMON_BLOCKS = YES;
				GCC_WARN_64_TO_32_BIT_CONVERSION = YES;
				GCC_WARN_ABOUT_RETURN_TYPE = YES_ERROR;
				GCC_WARN_UNDECLARED_SELECTOR = YES;
				GCC_WARN_UNINITIALIZED_AUTOS = YES_AGGRESSIVE;
				GCC_WARN_UNUSED_FUNCTION = YES;
				GCC_WARN_UNUSED_VARIABLE = YES;
				IPHONEOS_DEPLOYMENT_TARGET = 10.0;
				LD_RUNPATH_SEARCH_PATHS = "/usr/lib/swift $(inherited)";
				LIBRARY_SEARCH_PATHS = (
					"\"$(TOOLCHAIN_DIR)/usr/lib/swift/$(PLATFORM_NAME)\"",
					"\"$(TOOLCHAIN_DIR)/usr/lib/swift-5.0/$(PLATFORM_NAME)\"",
					"\"$(inherited)\"",
				);
				MTL_ENABLE_DEBUG_INFO = NO;
				SDKROOT = iphoneos;
				VALIDATE_PRODUCT = YES;
			};
			name = Release;
		};
/* End XCBuildConfiguration section */

/* Begin XCConfigurationList section */
		00E357021AD99517003FC87E /* Build configuration list for PBXNativeTarget "klaarshopTests" */ = {
			isa = XCConfigurationList;
			buildConfigurations = (
				00E356F61AD99517003FC87E /* Debug */,
				00E356F71AD99517003FC87E /* Release */,
			);
			defaultConfigurationIsVisible = 0;
			defaultConfigurationName = Release;
		};
		13B07F931A680F5B00A75B9A /* Build configuration list for PBXNativeTarget "klaarshop" */ = {
			isa = XCConfigurationList;
			buildConfigurations = (
				13B07F941A680F5B00A75B9A /* Debug */,
				13B07F951A680F5B00A75B9A /* Release */,
			);
			defaultConfigurationIsVisible = 0;
			defaultConfigurationName = Release;
		};
		2D02E4BA1E0B4A5E006451C7 /* Build configuration list for PBXNativeTarget "klaarshop-tvOS" */ = {
			isa = XCConfigurationList;
			buildConfigurations = (
				2D02E4971E0B4A5E006451C7 /* Debug */,
				2D02E4981E0B4A5E006451C7 /* Release */,
			);
			defaultConfigurationIsVisible = 0;
			defaultConfigurationName = Release;
		};
		2D02E4BB1E0B4A5E006451C7 /* Build configuration list for PBXNativeTarget "klaarshop-tvOSTests" */ = {
			isa = XCConfigurationList;
			buildConfigurations = (
				2D02E4991E0B4A5E006451C7 /* Debug */,
				2D02E49A1E0B4A5E006451C7 /* Release */,
			);
			defaultConfigurationIsVisible = 0;
			defaultConfigurationName = Release;
		};
		83CBB9FA1A601CBA00E9B192 /* Build configuration list for PBXProject "klaarshop" */ = {
			isa = XCConfigurationList;
			buildConfigurations = (
				83CBBA201A601CBA00E9B192 /* Debug */,
				83CBBA211A601CBA00E9B192 /* Release */,
			);
			defaultConfigurationIsVisible = 0;
			defaultConfigurationName = Release;
		};
/* End XCConfigurationList section */
	};
	rootObject = 83CBB9F71A601CBA00E9B192 /* Project object */;
}
